
Microsoft Visual Studio Solution File, Format Version 12.00
# Visual Studio Version 17
VisualStudioVersion = 17.6.33815.320
MinimumVisualStudioVersion = 10.0.40219.1
Project("{FAE04EC0-301F-11D3-BF4B-00C04F79EFBC}") = "libMotdepasse", "Motdepasse\libMotdepasse.csproj", "{7885E880-6596-4CB0-A2B6-1218596D3867}"
EndProject
Project("{FAE04EC0-301F-11D3-BF4B-00C04F79EFBC}") = "cslMotdepasse", "cslMotdepasse\cslMotdepasse.csproj", "{82BBAA4D-955B-4FC3-9FC5-3851BD6B3D7D}"
EndProject
Global
	GlobalSection(SolutionConfigurationPlatforms) = preSolution
		Debug|Any CPU = Debug|Any CPU
		Release|Any CPU = Release|Any CPU
	EndGlobalSection
	GlobalSection(ProjectConfigurationPlatforms) = postSolution
		{7885E880-6596-4CB0-A2B6-1218596D3867}.Debug|Any CPU.ActiveCfg = Debug|Any CPU
		{7885E880-6596-4CB0-A2B6-1218596D3867}.Debug|Any CPU.Build.0 = Debug|Any CPU
		{7885E880-6596-4CB0-A2B6-1218596D3867}.Release|Any CPU.ActiveCfg = Release|Any CPU
		{7885E880-6596-4CB0-A2B6-1218596D3867}.Release|Any CPU.Build.0 = Release|Any CPU
		{82BBAA4D-955B-4FC3-9FC5-3851BD6B3D7D}.Debug|Any CPU.ActiveCfg = Debug|Any CPU
		{82BBAA4D-955B-4FC3-9FC5-3851BD6B3D7D}.Debug|Any CPU.Build.0 = Debug|Any CPU
		{82BBAA4D-955B-4FC3-9FC5-3851BD6B3D7D}.Release|Any CPU.ActiveCfg = Release|Any CPU
		{82BBAA4D-955B-4FC3-9FC5-3851BD6B3D7D}.Release|Any CPU.Build.0 = Release|Any CPU
	EndGlobalSection
	GlobalSection(SolutionProperties) = preSolution
		HideSolutionNode = FALSE
	EndGlobalSection
	GlobalSection(ExtensibilityGlobals) = postSolution
		SolutionGuid = {A78C1AB6-6977-4CF8-8DE0-C4EA67C097A9}
	EndGlobalSection
EndGlobal
